// !$*UTF8*$!
{
	archiveVersion = 1;
	classes = {
	};
	objectVersion = 50;
	objects = {

/* Begin PBXBuildFile section */
		1B4DC18D2561963300814B56 /* AppDelegate.swift in Sources */ = {isa = PBXBuildFile; fileRef = 1B4DC18C2561963300814B56 /* AppDelegate.swift */; };
		1B4DC1912561963300814B56 /* BasiewController.swift in Sources */ = {isa = PBXBuildFile; fileRef = 1B4DC1902561963300814B56 /* BasiewController.swift */; };
		1B4DC1962561963500814B56 /* Assets.xcassets in Resources */ = {isa = PBXBuildFile; fileRef = 1B4DC1952561963500814B56 /* Assets.xcassets */; };
		1B4DC1992561963500814B56 /* LaunchScreen.storyboard in Resources */ = {isa = PBXBuildFile; fileRef = 1B4DC1972561963500814B56 /* LaunchScreen.storyboard */; };
		1B50A9B625731060009EABF6 /* TypeElementCell.swift in Sources */ = {isa = PBXBuildFile; fileRef = 1B50A9B525731060009EABF6 /* TypeElementCell.swift */; };
		1B50A9BA25731149009EABF6 /* IconNameCellViewModelProtocol.swift in Sources */ = {isa = PBXBuildFile; fileRef = 1B50A9B925731149009EABF6 /* IconNameCellViewModelProtocol.swift */; };
		1B50A9BE257311E0009EABF6 /* TitledCellViewModelProtocol.swift in Sources */ = {isa = PBXBuildFile; fileRef = 1B50A9BD257311E0009EABF6 /* TitledCellViewModelProtocol.swift */; };
		1B50A9C125731253009EABF6 /* TypeElementCellViewModel.swift in Sources */ = {isa = PBXBuildFile; fileRef = 1B50A9C025731253009EABF6 /* TypeElementCellViewModel.swift */; };
		1B50A9C82573264A009EABF6 /* AbilityTableCellViewModel.swift in Sources */ = {isa = PBXBuildFile; fileRef = 1B50A9C72573264A009EABF6 /* AbilityTableCellViewModel.swift */; };
		1B50A9CC2573285F009EABF6 /* AbilityTableCell.swift in Sources */ = {isa = PBXBuildFile; fileRef = 1B50A9CB2573285F009EABF6 /* AbilityTableCell.swift */; };
		1B52046E2573340900A95EF2 /* ProgressLevelCellViewModelProtocol.swift in Sources */ = {isa = PBXBuildFile; fileRef = 1B52046D2573340900A95EF2 /* ProgressLevelCellViewModelProtocol.swift */; };
		1B520471257334D600A95EF2 /* BaseStatCellViewModel.swift in Sources */ = {isa = PBXBuildFile; fileRef = 1B520470257334D600A95EF2 /* BaseStatCellViewModel.swift */; };
		1B5204742573360200A95EF2 /* BaseStatCell.swift in Sources */ = {isa = PBXBuildFile; fileRef = 1B5204732573360200A95EF2 /* BaseStatCell.swift */; };
		1B5204772573C37200A95EF2 /* MoreInfoView.swift in Sources */ = {isa = PBXBuildFile; fileRef = 1B5204762573C37200A95EF2 /* MoreInfoView.swift */; };
		1B52048025743E8E00A95EF2 /* AppUtil.swift in Sources */ = {isa = PBXBuildFile; fileRef = 1B52047F25743E8E00A95EF2 /* AppUtil.swift */; };
		1B520483257447C900A95EF2 /* Constants.swift in Sources */ = {isa = PBXBuildFile; fileRef = 1B520482257447C900A95EF2 /* Constants.swift */; };
		1B6D12D42571625C004A8EE0 /* PokemonListCellViewModel.swift in Sources */ = {isa = PBXBuildFile; fileRef = 1B6D12D32571625C004A8EE0 /* PokemonListCellViewModel.swift */; };
		1B6D12D7257162B8004A8EE0 /* PokemonListCell.swift in Sources */ = {isa = PBXBuildFile; fileRef = 1B6D12D6257162B8004A8EE0 /* PokemonListCell.swift */; };
		1B6D12DE2571662F004A8EE0 /* ConfigurableCell.swift in Sources */ = {isa = PBXBuildFile; fileRef = 1B6D12DD2571662F004A8EE0 /* ConfigurableCell.swift */; };
		1BB6952A256DB6A90073BEB7 /* PokemonDetail.swift in Sources */ = {isa = PBXBuildFile; fileRef = 1BB69529256DB6A90073BEB7 /* PokemonDetail.swift */; };
		1BB6952D256DB9C30073BEB7 /* GenericResult.swift in Sources */ = {isa = PBXBuildFile; fileRef = 1BB6952C256DB9C30073BEB7 /* GenericResult.swift */; };
		1BB6953E256F958A0073BEB7 /* String+NSString.swift in Sources */ = {isa = PBXBuildFile; fileRef = 1BB6953D256F958A0073BEB7 /* String+NSString.swift */; };
		1BB69542256F9DC20073BEB7 /* PokemonProvider.swift in Sources */ = {isa = PBXBuildFile; fileRef = 1BB69541256F9DC20073BEB7 /* PokemonProvider.swift */; };
		1BB69547256FB8140073BEB7 /* CacheWrapper.swift in Sources */ = {isa = PBXBuildFile; fileRef = 1BB69546256FB8140073BEB7 /* CacheWrapper.swift */; };
		1BC5153F25683B390004D3A3 /* APIProvider.swift in Sources */ = {isa = PBXBuildFile; fileRef = 1BC5153E25683B390004D3A3 /* APIProvider.swift */; };
		1BC51549256AB2360004D3A3 /* AppRouter.swift in Sources */ = {isa = PBXBuildFile; fileRef = 1BC51548256AB2360004D3A3 /* AppRouter.swift */; };
		1BC5154D256ACF310004D3A3 /* ListViewModel.swift in Sources */ = {isa = PBXBuildFile; fileRef = 1BC5154C256ACF310004D3A3 /* ListViewModel.swift */; };
		1BC51551256B0BB30004D3A3 /* Router.swift in Sources */ = {isa = PBXBuildFile; fileRef = 1BC51550256B0BB30004D3A3 /* Router.swift */; };
		1BC51554256B1A770004D3A3 /* PokemonDetailViewController.swift in Sources */ = {isa = PBXBuildFile; fileRef = 1BC51553256B1A770004D3A3 /* PokemonDetailViewController.swift */; };
		1BC51557256B1E850004D3A3 /* PokemonDetailViewModel.swift in Sources */ = {isa = PBXBuildFile; fileRef = 1BC51556256B1E850004D3A3 /* PokemonDetailViewModel.swift */; };
		1BC5155A256B1EB10004D3A3 /* PokemonDetailViewModelProtocol.swift in Sources */ = {isa = PBXBuildFile; fileRef = 1BC51559256B1EB10004D3A3 /* PokemonDetailViewModelProtocol.swift */; };
		1BF919A42563049900BF8BBC /* PokemonApi.swift in Sources */ = {isa = PBXBuildFile; fileRef = 1BF919A32563049900BF8BBC /* PokemonApi.swift */; };
		1BF919B725632A2800BF8BBC /* PokemonListViewController.swift in Sources */ = {isa = PBXBuildFile; fileRef = 1BF919B625632A2800BF8BBC /* PokemonListViewController.swift */; };
		1BF919BA25632BB400BF8BBC /* PokemonListViewModel.swift in Sources */ = {isa = PBXBuildFile; fileRef = 1BF919B925632BB400BF8BBC /* PokemonListViewModel.swift */; };
		1BF919BD25632C5000BF8BBC /* Pokemon.swift in Sources */ = {isa = PBXBuildFile; fileRef = 1BF919BC25632C5000BF8BBC /* Pokemon.swift */; };
		1BF919C025632EAC00BF8BBC /* Observable.swift in Sources */ = {isa = PBXBuildFile; fileRef = 1BF919BF25632EAC00BF8BBC /* Observable.swift */; };
		1BF919C325644B9600BF8BBC /* PokemonAPIManager.swift in Sources */ = {isa = PBXBuildFile; fileRef = 1BF919C225644B9600BF8BBC /* PokemonAPIManager.swift */; };
		1BF919C625644EB300BF8BBC /* NetworkContstants.swift in Sources */ = {isa = PBXBuildFile; fileRef = 1BF919C525644EB300BF8BBC /* NetworkContstants.swift */; };
		1BF919CD2564826C00BF8BBC /* PokemonPage.swift in Sources */ = {isa = PBXBuildFile; fileRef = 1BF919CC2564826C00BF8BBC /* PokemonPage.swift */; };
/* End PBXBuildFile section */

/* Begin PBXFileReference section */
		1B4DC1892561963300814B56 /* o_pokedekk.app */ = {isa = PBXFileReference; explicitFileType = wrapper.application; includeInIndex = 0; path = o_pokedekk.app; sourceTree = BUILT_PRODUCTS_DIR; };
		1B4DC18C2561963300814B56 /* AppDelegate.swift */ = {isa = PBXFileReference; lastKnownFileType = sourcecode.swift; path = AppDelegate.swift; sourceTree = "<group>"; };
		1B4DC1902561963300814B56 /* BasiewController.swift */ = {isa = PBXFileReference; lastKnownFileType = sourcecode.swift; path = BasiewController.swift; sourceTree = "<group>"; };
		1B4DC1952561963500814B56 /* Assets.xcassets */ = {isa = PBXFileReference; lastKnownFileType = folder.assetcatalog; path = Assets.xcassets; sourceTree = "<group>"; };
		1B4DC1982561963500814B56 /* Base */ = {isa = PBXFileReference; lastKnownFileType = file.storyboard; name = Base; path = Base.lproj/LaunchScreen.storyboard; sourceTree = "<group>"; };
		1B4DC19A2561963500814B56 /* Info.plist */ = {isa = PBXFileReference; lastKnownFileType = text.plist.xml; path = Info.plist; sourceTree = "<group>"; };
		1B50A9B525731060009EABF6 /* TypeElementCell.swift */ = {isa = PBXFileReference; lastKnownFileType = sourcecode.swift; path = TypeElementCell.swift; sourceTree = "<group>"; };
		1B50A9B925731149009EABF6 /* IconNameCellViewModelProtocol.swift */ = {isa = PBXFileReference; lastKnownFileType = sourcecode.swift; path = IconNameCellViewModelProtocol.swift; sourceTree = "<group>"; };
		1B50A9BD257311E0009EABF6 /* TitledCellViewModelProtocol.swift */ = {isa = PBXFileReference; lastKnownFileType = sourcecode.swift; path = TitledCellViewModelProtocol.swift; sourceTree = "<group>"; };
		1B50A9C025731253009EABF6 /* TypeElementCellViewModel.swift */ = {isa = PBXFileReference; lastKnownFileType = sourcecode.swift; path = TypeElementCellViewModel.swift; sourceTree = "<group>"; };
		1B50A9C72573264A009EABF6 /* AbilityTableCellViewModel.swift */ = {isa = PBXFileReference; lastKnownFileType = sourcecode.swift; path = AbilityTableCellViewModel.swift; sourceTree = "<group>"; };
		1B50A9CB2573285F009EABF6 /* AbilityTableCell.swift */ = {isa = PBXFileReference; lastKnownFileType = sourcecode.swift; path = AbilityTableCell.swift; sourceTree = "<group>"; };
		1B52046D2573340900A95EF2 /* ProgressLevelCellViewModelProtocol.swift */ = {isa = PBXFileReference; lastKnownFileType = sourcecode.swift; path = ProgressLevelCellViewModelProtocol.swift; sourceTree = "<group>"; };
		1B520470257334D600A95EF2 /* BaseStatCellViewModel.swift */ = {isa = PBXFileReference; lastKnownFileType = sourcecode.swift; path = BaseStatCellViewModel.swift; sourceTree = "<group>"; };
		1B5204732573360200A95EF2 /* BaseStatCell.swift */ = {isa = PBXFileReference; lastKnownFileType = sourcecode.swift; path = BaseStatCell.swift; sourceTree = "<group>"; };
		1B5204762573C37200A95EF2 /* MoreInfoView.swift */ = {isa = PBXFileReference; lastKnownFileType = sourcecode.swift; path = MoreInfoView.swift; sourceTree = "<group>"; };
		1B52047F25743E8E00A95EF2 /* AppUtil.swift */ = {isa = PBXFileReference; lastKnownFileType = sourcecode.swift; path = AppUtil.swift; sourceTree = "<group>"; };
		1B520482257447C900A95EF2 /* Constants.swift */ = {isa = PBXFileReference; lastKnownFileType = sourcecode.swift; path = Constants.swift; sourceTree = "<group>"; };
		1B6D12D32571625C004A8EE0 /* PokemonListCellViewModel.swift */ = {isa = PBXFileReference; lastKnownFileType = sourcecode.swift; path = PokemonListCellViewModel.swift; sourceTree = "<group>"; };
		1B6D12D6257162B8004A8EE0 /* PokemonListCell.swift */ = {isa = PBXFileReference; lastKnownFileType = sourcecode.swift; path = PokemonListCell.swift; sourceTree = "<group>"; };
		1B6D12DD2571662F004A8EE0 /* ConfigurableCell.swift */ = {isa = PBXFileReference; lastKnownFileType = sourcecode.swift; path = ConfigurableCell.swift; sourceTree = "<group>"; };
		1BB69529256DB6A90073BEB7 /* PokemonDetail.swift */ = {isa = PBXFileReference; lastKnownFileType = sourcecode.swift; path = PokemonDetail.swift; sourceTree = "<group>"; };
		1BB6952C256DB9C30073BEB7 /* GenericResult.swift */ = {isa = PBXFileReference; lastKnownFileType = sourcecode.swift; path = GenericResult.swift; sourceTree = "<group>"; };
		1BB6953D256F958A0073BEB7 /* String+NSString.swift */ = {isa = PBXFileReference; lastKnownFileType = sourcecode.swift; path = "String+NSString.swift"; sourceTree = "<group>"; };
		1BB69541256F9DC20073BEB7 /* PokemonProvider.swift */ = {isa = PBXFileReference; lastKnownFileType = sourcecode.swift; path = PokemonProvider.swift; sourceTree = "<group>"; };
		1BB69546256FB8140073BEB7 /* CacheWrapper.swift */ = {isa = PBXFileReference; lastKnownFileType = sourcecode.swift; path = CacheWrapper.swift; sourceTree = "<group>"; };
		1BC5153E25683B390004D3A3 /* APIProvider.swift */ = {isa = PBXFileReference; lastKnownFileType = sourcecode.swift; path = APIProvider.swift; sourceTree = "<group>"; };
		1BC51548256AB2360004D3A3 /* AppRouter.swift */ = {isa = PBXFileReference; lastKnownFileType = sourcecode.swift; path = AppRouter.swift; sourceTree = "<group>"; };
		1BC5154C256ACF310004D3A3 /* ListViewModel.swift */ = {isa = PBXFileReference; lastKnownFileType = sourcecode.swift; path = ListViewModel.swift; sourceTree = "<group>"; };
		1BC51550256B0BB30004D3A3 /* Router.swift */ = {isa = PBXFileReference; lastKnownFileType = sourcecode.swift; path = Router.swift; sourceTree = "<group>"; };
		1BC51553256B1A770004D3A3 /* PokemonDetailViewController.swift */ = {isa = PBXFileReference; lastKnownFileType = sourcecode.swift; path = PokemonDetailViewController.swift; sourceTree = "<group>"; };
		1BC51556256B1E850004D3A3 /* PokemonDetailViewModel.swift */ = {isa = PBXFileReference; lastKnownFileType = sourcecode.swift; path = PokemonDetailViewModel.swift; sourceTree = "<group>"; };
		1BC51559256B1EB10004D3A3 /* PokemonDetailViewModelProtocol.swift */ = {isa = PBXFileReference; lastKnownFileType = sourcecode.swift; path = PokemonDetailViewModelProtocol.swift; sourceTree = "<group>"; };
		1BF919A32563049900BF8BBC /* PokemonApi.swift */ = {isa = PBXFileReference; lastKnownFileType = sourcecode.swift; path = PokemonApi.swift; sourceTree = "<group>"; };
		1BF919B625632A2800BF8BBC /* PokemonListViewController.swift */ = {isa = PBXFileReference; lastKnownFileType = sourcecode.swift; path = PokemonListViewController.swift; sourceTree = "<group>"; };
		1BF919B925632BB400BF8BBC /* PokemonListViewModel.swift */ = {isa = PBXFileReference; lastKnownFileType = sourcecode.swift; path = PokemonListViewModel.swift; sourceTree = "<group>"; };
		1BF919BC25632C5000BF8BBC /* Pokemon.swift */ = {isa = PBXFileReference; lastKnownFileType = sourcecode.swift; path = Pokemon.swift; sourceTree = "<group>"; };
		1BF919BF25632EAC00BF8BBC /* Observable.swift */ = {isa = PBXFileReference; lastKnownFileType = sourcecode.swift; path = Observable.swift; sourceTree = "<group>"; };
		1BF919C225644B9600BF8BBC /* PokemonAPIManager.swift */ = {isa = PBXFileReference; lastKnownFileType = sourcecode.swift; path = PokemonAPIManager.swift; sourceTree = "<group>"; };
		1BF919C525644EB300BF8BBC /* NetworkContstants.swift */ = {isa = PBXFileReference; lastKnownFileType = sourcecode.swift; path = NetworkContstants.swift; sourceTree = "<group>"; };
		1BF919CC2564826C00BF8BBC /* PokemonPage.swift */ = {isa = PBXFileReference; lastKnownFileType = sourcecode.swift; path = PokemonPage.swift; sourceTree = "<group>"; };
/* End PBXFileReference section */

/* Begin PBXFrameworksBuildPhase section */
		1B4DC1862561963300814B56 /* Frameworks */ = {
			isa = PBXFrameworksBuildPhase;
			buildActionMask = 2147483647;
			files = (
			);
			runOnlyForDeploymentPostprocessing = 0;
		};
/* End PBXFrameworksBuildPhase section */

/* Begin PBXGroup section */
		1B4DC1802561963300814B56 = {
			isa = PBXGroup;
			children = (
				1B4DC18B2561963300814B56 /* o_pokedekk */,
				1B4DC18A2561963300814B56 /* Products */,
			);
			sourceTree = "<group>";
		};
		1B4DC18A2561963300814B56 /* Products */ = {
			isa = PBXGroup;
			children = (
				1B4DC1892561963300814B56 /* o_pokedekk.app */,
			);
			name = Products;
			sourceTree = "<group>";
		};
		1B4DC18B2561963300814B56 /* o_pokedekk */ = {
			isa = PBXGroup;
			children = (
				1BC51543256AAD300004D3A3 /* Navigation layer */,
				1BF919A22563039500BF8BBC /* Network layer */,
				1B4DC1A32562860500814B56 /* Models */,
				1B4DC1A72562867200814B56 /* Utils */,
				1B4DC1A52562863100814B56 /* Views */,
				1B4DC1A62562865700814B56 /* ViewModels */,
				1B4DC1972561963500814B56 /* LaunchScreen.storyboard */,
				1B4DC19A2561963500814B56 /* Info.plist */,
				1B4DC18C2561963300814B56 /* AppDelegate.swift */,
				1B4DC1952561963500814B56 /* Assets.xcassets */,
			);
			path = o_pokedekk;
			sourceTree = "<group>";
		};
		1B4DC1A32562860500814B56 /* Models */ = {
			isa = PBXGroup;
			children = (
				1BF919BC25632C5000BF8BBC /* Pokemon.swift */,
				1BB69530256DBB310073BEB7 /* ApiResponse */,
			);
			path = Models;
			sourceTree = "<group>";
		};
		1B4DC1A52562863100814B56 /* Views */ = {
			isa = PBXGroup;
			children = (
				1B5204792573E53300A95EF2 /* ViewControllers */,
				1B50A9B32572FBCD009EABF6 /* Cells */,
				1B6D12DC257165FE004A8EE0 /* Protocols */,
				1B5204762573C37200A95EF2 /* MoreInfoView.swift */,
			);
			path = Views;
			sourceTree = "<group>";
		};
		1B4DC1A62562865700814B56 /* ViewModels */ = {
			isa = PBXGroup;
			children = (
				1BC51556256B1E850004D3A3 /* PokemonDetailViewModel.swift */,
				1BF919B925632BB400BF8BBC /* PokemonListViewModel.swift */,
				1B50A9C3257312A3009EABF6 /* Cells */,
				1BB6954A256FBE7B0073BEB7 /* Protocols */,
			);
			path = ViewModels;
			sourceTree = "<group>";
		};
		1B4DC1A72562867200814B56 /* Utils */ = {
			isa = PBXGroup;
			children = (
				1BF919BF25632EAC00BF8BBC /* Observable.swift */,
				1BB6953D256F958A0073BEB7 /* String+NSString.swift */,
				1BB69546256FB8140073BEB7 /* CacheWrapper.swift */,
				1B52047F25743E8E00A95EF2 /* AppUtil.swift */,
				1B520482257447C900A95EF2 /* Constants.swift */,
			);
			path = Utils;
			sourceTree = "<group>";
		};
		1B50A9B32572FBCD009EABF6 /* Cells */ = {
			isa = PBXGroup;
			children = (
				1B6D12D6257162B8004A8EE0 /* PokemonListCell.swift */,
				1B50A9B525731060009EABF6 /* TypeElementCell.swift */,
				1B50A9CB2573285F009EABF6 /* AbilityTableCell.swift */,
				1B5204732573360200A95EF2 /* BaseStatCell.swift */,
			);
			path = Cells;
			sourceTree = "<group>";
		};
		1B50A9C3257312A3009EABF6 /* Cells */ = {
			isa = PBXGroup;
			children = (
				1B50A9C025731253009EABF6 /* TypeElementCellViewModel.swift */,
				1B6D12D32571625C004A8EE0 /* PokemonListCellViewModel.swift */,
				1B50A9C72573264A009EABF6 /* AbilityTableCellViewModel.swift */,
				1B520470257334D600A95EF2 /* BaseStatCellViewModel.swift */,
			);
			path = Cells;
			sourceTree = "<group>";
		};
		1B5204792573E53300A95EF2 /* ViewControllers */ = {
			isa = PBXGroup;
			children = (
				1BF919B625632A2800BF8BBC /* PokemonListViewController.swift */,
				1BC51553256B1A770004D3A3 /* PokemonDetailViewController.swift */,
				1B4DC1902561963300814B56 /* BasiewController.swift */,
			);
			path = ViewControllers;
			sourceTree = "<group>";
		};
		1B6D12DC257165FE004A8EE0 /* Protocols */ = {
			isa = PBXGroup;
			children = (
				1B6D12DD2571662F004A8EE0 /* ConfigurableCell.swift */,
			);
			path = Protocols;
			sourceTree = "<group>";
		};
		1BB69530256DBB310073BEB7 /* ApiResponse */ = {
			isa = PBXGroup;
			children = (
				1BF919CC2564826C00BF8BBC /* PokemonPage.swift */,
				1BB69529256DB6A90073BEB7 /* PokemonDetail.swift */,
				1BB6952C256DB9C30073BEB7 /* GenericResult.swift */,
			);
			path = ApiResponse;
			sourceTree = "<group>";
		};
		1BB69544256FA2F00073BEB7 /* Protocols */ = {
			isa = PBXGroup;
			children = (
				1BC5153E25683B390004D3A3 /* APIProvider.swift */,
				1BB69541256F9DC20073BEB7 /* PokemonProvider.swift */,
			);
			path = Protocols;
			sourceTree = "<group>";
		};
		1BB6954A256FBE7B0073BEB7 /* Protocols */ = {
			isa = PBXGroup;
			children = (
				1BC5154C256ACF310004D3A3 /* ListViewModel.swift */,
				1BC51559256B1EB10004D3A3 /* PokemonDetailViewModelProtocol.swift */,
				1B50A9B925731149009EABF6 /* IconNameCellViewModelProtocol.swift */,
				1B50A9BD257311E0009EABF6 /* TitledCellViewModelProtocol.swift */,
				1B52046D2573340900A95EF2 /* ProgressLevelCellViewModelProtocol.swift */,
			);
			path = Protocols;
			sourceTree = "<group>";
		};
		1BC51543256AAD300004D3A3 /* Navigation layer */ = {
			isa = PBXGroup;
			children = (
				1BC51548256AB2360004D3A3 /* AppRouter.swift */,
				1BC51550256B0BB30004D3A3 /* Router.swift */,
			);
			path = "Navigation layer";
			sourceTree = "<group>";
		};
		1BF919A22563039500BF8BBC /* Network layer */ = {
			isa = PBXGroup;
			children = (
				1BB69544256FA2F00073BEB7 /* Protocols */,
				1BF919A32563049900BF8BBC /* PokemonApi.swift */,
				1BF919C225644B9600BF8BBC /* PokemonAPIManager.swift */,
				1BF919C525644EB300BF8BBC /* NetworkContstants.swift */,
			);
			path = "Network layer";
			sourceTree = "<group>";
		};
/* End PBXGroup section */

/* Begin PBXNativeTarget section */
		1B4DC1882561963300814B56 /* o_pokedekk */ = {
			isa = PBXNativeTarget;
			buildConfigurationList = 1B4DC19D2561963500814B56 /* Build configuration list for PBXNativeTarget "o_pokedekk" */;
			buildPhases = (
				1B4DC1852561963300814B56 /* Sources */,
				1B4DC1862561963300814B56 /* Frameworks */,
				1B4DC1872561963300814B56 /* Resources */,
			);
			buildRules = (
			);
			dependencies = (
			);
			name = o_pokedekk;
			productName = o_pokedekk;
			productReference = 1B4DC1892561963300814B56 /* o_pokedekk.app */;
			productType = "com.apple.product-type.application";
		};
/* End PBXNativeTarget section */

/* Begin PBXProject section */
		1B4DC1812561963300814B56 /* Project object */ = {
			isa = PBXProject;
			attributes = {
				LastSwiftUpdateCheck = 1220;
				LastUpgradeCheck = 1220;
				TargetAttributes = {
					1B4DC1882561963300814B56 = {
						CreatedOnToolsVersion = 12.2;
					};
				};
			};
			buildConfigurationList = 1B4DC1842561963300814B56 /* Build configuration list for PBXProject "o_pokedekk" */;
			compatibilityVersion = "Xcode 9.3";
			developmentRegion = en;
			hasScannedForEncodings = 0;
			knownRegions = (
				en,
				Base,
			);
			mainGroup = 1B4DC1802561963300814B56;
			productRefGroup = 1B4DC18A2561963300814B56 /* Products */;
			projectDirPath = "";
			projectRoot = "";
			targets = (
				1B4DC1882561963300814B56 /* o_pokedekk */,
			);
		};
/* End PBXProject section */

/* Begin PBXResourcesBuildPhase section */
		1B4DC1872561963300814B56 /* Resources */ = {
			isa = PBXResourcesBuildPhase;
			buildActionMask = 2147483647;
			files = (
				1B4DC1992561963500814B56 /* LaunchScreen.storyboard in Resources */,
				1B4DC1962561963500814B56 /* Assets.xcassets in Resources */,
			);
			runOnlyForDeploymentPostprocessing = 0;
		};
/* End PBXResourcesBuildPhase section */

/* Begin PBXSourcesBuildPhase section */
		1B4DC1852561963300814B56 /* Sources */ = {
			isa = PBXSourcesBuildPhase;
			buildActionMask = 2147483647;
			files = (
				1B50A9BE257311E0009EABF6 /* TitledCellViewModelProtocol.swift in Sources */,
				1B6D12DE2571662F004A8EE0 /* ConfigurableCell.swift in Sources */,
				1BF919C325644B9600BF8BBC /* PokemonAPIManager.swift in Sources */,
				1BB69542256F9DC20073BEB7 /* PokemonProvider.swift in Sources */,
				1BB69547256FB8140073BEB7 /* CacheWrapper.swift in Sources */,
				1BF919C025632EAC00BF8BBC /* Observable.swift in Sources */,
				1BF919BD25632C5000BF8BBC /* Pokemon.swift in Sources */,
				1BC5153F25683B390004D3A3 /* APIProvider.swift in Sources */,
				1B5204742573360200A95EF2 /* BaseStatCell.swift in Sources */,
				1BC51557256B1E850004D3A3 /* PokemonDetailViewModel.swift in Sources */,
				1BF919C625644EB300BF8BBC /* NetworkContstants.swift in Sources */,
				1B5204772573C37200A95EF2 /* MoreInfoView.swift in Sources */,
				1BB6952A256DB6A90073BEB7 /* PokemonDetail.swift in Sources */,
				1BC5155A256B1EB10004D3A3 /* PokemonDetailViewModelProtocol.swift in Sources */,
				1BC5154D256ACF310004D3A3 /* ListViewModel.swift in Sources */,
				1B52048025743E8E00A95EF2 /* AppUtil.swift in Sources */,
				1BB6952D256DB9C30073BEB7 /* GenericResult.swift in Sources */,
				1B52046E2573340900A95EF2 /* ProgressLevelCellViewModelProtocol.swift in Sources */,
				1B4DC1912561963300814B56 /* BasiewController.swift in Sources */,
				1B520471257334D600A95EF2 /* BaseStatCellViewModel.swift in Sources */,
				1B6D12D7257162B8004A8EE0 /* PokemonListCell.swift in Sources */,
				1BC51551256B0BB30004D3A3 /* Router.swift in Sources */,
				1B50A9CC2573285F009EABF6 /* AbilityTableCell.swift in Sources */,
				1B4DC18D2561963300814B56 /* AppDelegate.swift in Sources */,
				1BF919CD2564826C00BF8BBC /* PokemonPage.swift in Sources */,
				1BF919A42563049900BF8BBC /* PokemonApi.swift in Sources */,
				1BC51549256AB2360004D3A3 /* AppRouter.swift in Sources */,
				1BF919B725632A2800BF8BBC /* PokemonListViewController.swift in Sources */,
				1B50A9C125731253009EABF6 /* TypeElementCellViewModel.swift in Sources */,
				1B520483257447C900A95EF2 /* Constants.swift in Sources */,
				1B50A9B625731060009EABF6 /* TypeElementCell.swift in Sources */,
				1B6D12D42571625C004A8EE0 /* PokemonListCellViewModel.swift in Sources */,
				1BB6953E256F958A0073BEB7 /* String+NSString.swift in Sources */,
				1BC51554256B1A770004D3A3 /* PokemonDetailViewController.swift in Sources */,
				1B50A9C82573264A009EABF6 /* AbilityTableCellViewModel.swift in Sources */,
				1B50A9BA25731149009EABF6 /* IconNameCellViewModelProtocol.swift in Sources */,
				1BF919BA25632BB400BF8BBC /* PokemonListViewModel.swift in Sources */,
			);
			runOnlyForDeploymentPostprocessing = 0;
		};
/* End PBXSourcesBuildPhase section */

/* Begin PBXVariantGroup section */
		1B4DC1972561963500814B56 /* LaunchScreen.storyboard */ = {
			isa = PBXVariantGroup;
			children = (
				1B4DC1982561963500814B56 /* Base */,
			);
			name = LaunchScreen.storyboard;
			sourceTree = "<group>";
		};
/* End PBXVariantGroup section */

/* Begin XCBuildConfiguration section */
		1B4DC19B2561963500814B56 /* Debug */ = {
			isa = XCBuildConfiguration;
			buildSettings = {
				ALWAYS_SEARCH_USER_PATHS = NO;
				CLANG_ANALYZER_NONNULL = YES;
				CLANG_ANALYZER_NUMBER_OBJECT_CONVERSION = YES_AGGRESSIVE;
				CLANG_CXX_LANGUAGE_STANDARD = "gnu++14";
				CLANG_CXX_LIBRARY = "libc++";
				CLANG_ENABLE_MODULES = YES;
				CLANG_ENABLE_OBJC_ARC = YES;
				CLANG_ENABLE_OBJC_WEAK = YES;
				CLANG_WARN_BLOCK_CAPTURE_AUTORELEASING = YES;
				CLANG_WARN_BOOL_CONVERSION = YES;
				CLANG_WARN_COMMA = YES;
				CLANG_WARN_CONSTANT_CONVERSION = YES;
				CLANG_WARN_DEPRECATED_OBJC_IMPLEMENTATIONS = YES;
				CLANG_WARN_DIRECT_OBJC_ISA_USAGE = YES_ERROR;
				CLANG_WARN_DOCUMENTATION_COMMENTS = YES;
				CLANG_WARN_EMPTY_BODY = YES;
				CLANG_WARN_ENUM_CONVERSION = YES;
				CLANG_WARN_INFINITE_RECURSION = YES;
				CLANG_WARN_INT_CONVERSION = YES;
				CLANG_WARN_NON_LITERAL_NULL_CONVERSION = YES;
				CLANG_WARN_OBJC_IMPLICIT_RETAIN_SELF = YES;
				CLANG_WARN_OBJC_LITERAL_CONVERSION = YES;
				CLANG_WARN_OBJC_ROOT_CLASS = YES_ERROR;
				CLANG_WARN_QUOTED_INCLUDE_IN_FRAMEWORK_HEADER = YES;
				CLANG_WARN_RANGE_LOOP_ANALYSIS = YES;
				CLANG_WARN_STRICT_PROTOTYPES = YES;
				CLANG_WARN_SUSPICIOUS_MOVE = YES;
				CLANG_WARN_UNGUARDED_AVAILABILITY = YES_AGGRESSIVE;
				CLANG_WARN_UNREACHABLE_CODE = YES;
				CLANG_WARN__DUPLICATE_METHOD_MATCH = YES;
				COPY_PHASE_STRIP = NO;
				DEBUG_INFORMATION_FORMAT = dwarf;
				ENABLE_STRICT_OBJC_MSGSEND = YES;
				ENABLE_TESTABILITY = YES;
				GCC_C_LANGUAGE_STANDARD = gnu11;
				GCC_DYNAMIC_NO_PIC = NO;
				GCC_NO_COMMON_BLOCKS = YES;
				GCC_OPTIMIZATION_LEVEL = 0;
				GCC_PREPROCESSOR_DEFINITIONS = (
					"DEBUG=1",
					"$(inherited)",
				);
				GCC_WARN_64_TO_32_BIT_CONVERSION = YES;
				GCC_WARN_ABOUT_RETURN_TYPE = YES_ERROR;
				GCC_WARN_UNDECLARED_SELECTOR = YES;
				GCC_WARN_UNINITIALIZED_AUTOS = YES_AGGRESSIVE;
				GCC_WARN_UNUSED_FUNCTION = YES;
				GCC_WARN_UNUSED_VARIABLE = YES;
				IPHONEOS_DEPLOYMENT_TARGET = 14.2;
				MTL_ENABLE_DEBUG_INFO = INCLUDE_SOURCE;
				MTL_FAST_MATH = YES;
				ONLY_ACTIVE_ARCH = YES;
				SDKROOT = iphoneos;
				SWIFT_ACTIVE_COMPILATION_CONDITIONS = DEBUG;
				SWIFT_OPTIMIZATION_LEVEL = "-Onone";
			};
			name = Debug;
		};
		1B4DC19C2561963500814B56 /* Release */ = {
			isa = XCBuildConfiguration;
			buildSettings = {
				ALWAYS_SEARCH_USER_PATHS = NO;
				CLANG_ANALYZER_NONNULL = YES;
				CLANG_ANALYZER_NUMBER_OBJECT_CONVERSION = YES_AGGRESSIVE;
				CLANG_CXX_LANGUAGE_STANDARD = "gnu++14";
				CLANG_CXX_LIBRARY = "libc++";
				CLANG_ENABLE_MODULES = YES;
				CLANG_ENABLE_OBJC_ARC = YES;
				CLANG_ENABLE_OBJC_WEAK = YES;
				CLANG_WARN_BLOCK_CAPTURE_AUTORELEASING = YES;
				CLANG_WARN_BOOL_CONVERSION = YES;
				CLANG_WARN_COMMA = YES;
				CLANG_WARN_CONSTANT_CONVERSION = YES;
				CLANG_WARN_DEPRECATED_OBJC_IMPLEMENTATIONS = YES;
				CLANG_WARN_DIRECT_OBJC_ISA_USAGE = YES_ERROR;
				CLANG_WARN_DOCUMENTATION_COMMENTS = YES;
				CLANG_WARN_EMPTY_BODY = YES;
				CLANG_WARN_ENUM_CONVERSION = YES;
				CLANG_WARN_INFINITE_RECURSION = YES;
				CLANG_WARN_INT_CONVERSION = YES;
				CLANG_WARN_NON_LITERAL_NULL_CONVERSION = YES;
				CLANG_WARN_OBJC_IMPLICIT_RETAIN_SELF = YES;
				CLANG_WARN_OBJC_LITERAL_CONVERSION = YES;
				CLANG_WARN_OBJC_ROOT_CLASS = YES_ERROR;
				CLANG_WARN_QUOTED_INCLUDE_IN_FRAMEWORK_HEADER = YES;
				CLANG_WARN_RANGE_LOOP_ANALYSIS = YES;
				CLANG_WARN_STRICT_PROTOTYPES = YES;
				CLANG_WARN_SUSPICIOUS_MOVE = YES;
				CLANG_WARN_UNGUARDED_AVAILABILITY = YES_AGGRESSIVE;
				CLANG_WARN_UNREACHABLE_CODE = YES;
				CLANG_WARN__DUPLICATE_METHOD_MATCH = YES;
				COPY_PHASE_STRIP = NO;
				DEBUG_INFORMATION_FORMAT = "dwarf-with-dsym";
				ENABLE_NS_ASSERTIONS = NO;
				ENABLE_STRICT_OBJC_MSGSEND = YES;
				GCC_C_LANGUAGE_STANDARD = gnu11;
				GCC_NO_COMMON_BLOCKS = YES;
				GCC_WARN_64_TO_32_BIT_CONVERSION = YES;
				GCC_WARN_ABOUT_RETURN_TYPE = YES_ERROR;
				GCC_WARN_UNDECLARED_SELECTOR = YES;
				GCC_WARN_UNINITIALIZED_AUTOS = YES_AGGRESSIVE;
				GCC_WARN_UNUSED_FUNCTION = YES;
				GCC_WARN_UNUSED_VARIABLE = YES;
				IPHONEOS_DEPLOYMENT_TARGET = 14.2;
				MTL_ENABLE_DEBUG_INFO = NO;
				MTL_FAST_MATH = YES;
				SDKROOT = iphoneos;
				SWIFT_COMPILATION_MODE = wholemodule;
				SWIFT_OPTIMIZATION_LEVEL = "-O";
				VALIDATE_PRODUCT = YES;
			};
			name = Release;
		};
		1B4DC19E2561963500814B56 /* Debug */ = {
			isa = XCBuildConfiguration;
			buildSettings = {
				ASSETCATALOG_COMPILER_APPICON_NAME = AppIcon;
				ASSETCATALOG_COMPILER_GLOBAL_ACCENT_COLOR_NAME = AccentColor;
				CODE_SIGN_STYLE = Automatic;
				DEVELOPMENT_TEAM = TT2HY7NRD9;
				INFOPLIST_FILE = o_pokedekk/Info.plist;
				IPHONEOS_DEPLOYMENT_TARGET = 11.0;
				LD_RUNPATH_SEARCH_PATHS = (
					"$(inherited)",
					"@executable_path/Frameworks",
				);
				PRODUCT_BUNDLE_IDENTIFIER = "it.pasp.o-pokedekk";
				PRODUCT_NAME = "$(TARGET_NAME)";
				SWIFT_VERSION = 5.0;
				TARGETED_DEVICE_FAMILY = "1,2";
			};
			name = Debug;
		};
		1B4DC19F2561963500814B56 /* Release */ = {
			isa = XCBuildConfiguration;
			buildSettings = {
				ASSETCATALOG_COMPILER_APPICON_NAME = AppIcon;
				ASSETCATALOG_COMPILER_GLOBAL_ACCENT_COLOR_NAME = AccentColor;
				CODE_SIGN_STYLE = Automatic;
				DEVELOPMENT_TEAM = TT2HY7NRD9;
				INFOPLIST_FILE = o_pokedekk/Info.plist;
				IPHONEOS_DEPLOYMENT_TARGET = 11.0;
				LD_RUNPATH_SEARCH_PATHS = (
					"$(inherited)",
					"@executable_path/Frameworks",
				);
				PRODUCT_BUNDLE_IDENTIFIER = "it.pasp.o-pokedekk";
				PRODUCT_NAME = "$(TARGET_NAME)";
				SWIFT_VERSION = 5.0;
				TARGETED_DEVICE_FAMILY = "1,2";
			};
			name = Release;
		};
/* End XCBuildConfiguration section */

/* Begin XCConfigurationList section */
		1B4DC1842561963300814B56 /* Build configuration list for PBXProject "o_pokedekk" */ = {
			isa = XCConfigurationList;
			buildConfigurations = (
				1B4DC19B2561963500814B56 /* Debug */,
				1B4DC19C2561963500814B56 /* Release */,
			);
			defaultConfigurationIsVisible = 0;
			defaultConfigurationName = Release;
		};
		1B4DC19D2561963500814B56 /* Build configuration list for PBXNativeTarget "o_pokedekk" */ = {
			isa = XCConfigurationList;
			buildConfigurations = (
				1B4DC19E2561963500814B56 /* Debug */,
				1B4DC19F2561963500814B56 /* Release */,
			);
			defaultConfigurationIsVisible = 0;
			defaultConfigurationName = Release;
		};
/* End XCConfigurationList section */
	};
	rootObject = 1B4DC1812561963300814B56 /* Project object */;
}
